
Microsoft Visual Studio Solution File, Format Version 12.00
# Visual Studio Version 17
VisualStudioVersion = 17.4.33122.133
MinimumVisualStudioVersion = 10.0.40219.1
Project("{2150E333-8FDC-42A3-9474-1A3956D46DE8}") = "Domain", "Domain", "{4998A3C1-2548-4832-9198-591EEB12447D}"
EndProject
Project("{FAE04EC0-301F-11D3-BF4B-00C04F79EFBC}") = "FinantialManager.Domain", "FinantialManager.Domain\FinantialManager.Domain.csproj", "{FF241E62-5965-4365-927A-D5BE189440F0}"
EndProject
Global
	GlobalSection(SolutionConfigurationPlatforms) = preSolution
		Debug|Any CPU = Debug|Any CPU
		Release|Any CPU = Release|Any CPU
	EndGlobalSection
	GlobalSection(ProjectConfigurationPlatforms) = postSolution
		{FF241E62-5965-4365-927A-D5BE189440F0}.Debug|Any CPU.ActiveCfg = Debug|Any CPU
		{FF241E62-5965-4365-927A-D5BE189440F0}.Debug|Any CPU.Build.0 = Debug|Any CPU
		{FF241E62-5965-4365-927A-D5BE189440F0}.Release|Any CPU.ActiveCfg = Release|Any CPU
		{FF241E62-5965-4365-927A-D5BE189440F0}.Release|Any CPU.Build.0 = Release|Any CPU
	EndGlobalSection
	GlobalSection(SolutionProperties) = preSolution
		HideSolutionNode = FALSE
	EndGlobalSection
	GlobalSection(NestedProjects) = preSolution
		{FF241E62-5965-4365-927A-D5BE189440F0} = {4998A3C1-2548-4832-9198-591EEB12447D}
	EndGlobalSection
	GlobalSection(ExtensibilityGlobals) = postSolution
		SolutionGuid = {EA88D8C0-40CB-447C-A4A4-1C24B7A42B5F}
	EndGlobalSection
EndGlobal
